// !$*UTF8*$!
{
	archiveVersion = 1;
	classes = {
	};
	objectVersion = 51;
	objects = {

/* Begin PBXBuildFile section */
		B74A232F260F80F400ADCD8D /* RouteMapsSceneKit.swift in Sources */ = {isa = PBXBuildFile; fileRef = B74A232E260F80F400ADCD8D /* RouteMapsSceneKit.swift */; };
		B74A233D260F83D200ADCD8D /* RouteModel.swift in Sources */ = {isa = PBXBuildFile; fileRef = B74A233C260F83D200ADCD8D /* RouteModel.swift */; };
		B74A2340260F842E00ADCD8D /* RouteRealmController.swift in Sources */ = {isa = PBXBuildFile; fileRef = B74A233F260F842E00ADCD8D /* RouteRealmController.swift */; };
		B74A2343260F84FF00ADCD8D /* TempRouteAppending.swift in Sources */ = {isa = PBXBuildFile; fileRef = B74A2342260F84FF00ADCD8D /* TempRouteAppending.swift */; };
		B7AE3B72260F70970008104B /* RouteMapsViewController.swift in Sources */ = {isa = PBXBuildFile; fileRef = B7AE3B71260F70970008104B /* RouteMapsViewController.swift */; };
		B7D26150260F5D1D003584FE /* RouteDetailPresenter.swift in Sources */ = {isa = PBXBuildFile; fileRef = B7D26147260F5D1D003584FE /* RouteDetailPresenter.swift */; };
		B7D26151260F5D1D003584FE /* RouteDetailWorker.swift in Sources */ = {isa = PBXBuildFile; fileRef = B7D26148260F5D1D003584FE /* RouteDetailWorker.swift */; };
		B7D26152260F5D1D003584FE /* RouteDetailRouter.swift in Sources */ = {isa = PBXBuildFile; fileRef = B7D26149260F5D1D003584FE /* RouteDetailRouter.swift */; };
		B7D26153260F5D1D003584FE /* RouteDetailModels.swift in Sources */ = {isa = PBXBuildFile; fileRef = B7D2614A260F5D1D003584FE /* RouteDetailModels.swift */; };
		B7D26154260F5D1D003584FE /* RouteDetailViewController.swift in Sources */ = {isa = PBXBuildFile; fileRef = B7D2614B260F5D1D003584FE /* RouteDetailViewController.swift */; };
		B7D26156260F5D1D003584FE /* RouteDetailInteractor.swift in Sources */ = {isa = PBXBuildFile; fileRef = B7D2614D260F5D1D003584FE /* RouteDetailInteractor.swift */; };
		B7ECF6D0260F392E001E6F66 /* AppDelegate.swift in Sources */ = {isa = PBXBuildFile; fileRef = B7ECF6CF260F392E001E6F66 /* AppDelegate.swift */; };
		B7ECF6D2260F392E001E6F66 /* SceneDelegate.swift in Sources */ = {isa = PBXBuildFile; fileRef = B7ECF6D1260F392E001E6F66 /* SceneDelegate.swift */; };
		B7ECF6D4260F392E001E6F66 /* WelcomeController.swift in Sources */ = {isa = PBXBuildFile; fileRef = B7ECF6D3260F392E001E6F66 /* WelcomeController.swift */; };
		B7ECF6D9260F3932001E6F66 /* Assets.xcassets in Resources */ = {isa = PBXBuildFile; fileRef = B7ECF6D8260F3932001E6F66 /* Assets.xcassets */; };
		CFD15E95933B7B9AE9243C2F /* Pods_AudioGuide.framework in Frameworks */ = {isa = PBXBuildFile; fileRef = 697FD2BBB09DBF448AAC89B1 /* Pods_AudioGuide.framework */; };
/* End PBXBuildFile section */

/* Begin PBXFileReference section */
		5932EADA608A3B73A615BEB8 /* Pods-AudioGuide.release.xcconfig */ = {isa = PBXFileReference; includeInIndex = 1; lastKnownFileType = text.xcconfig; name = "Pods-AudioGuide.release.xcconfig"; path = "Target Support Files/Pods-AudioGuide/Pods-AudioGuide.release.xcconfig"; sourceTree = "<group>"; };
		697FD2BBB09DBF448AAC89B1 /* Pods_AudioGuide.framework */ = {isa = PBXFileReference; explicitFileType = wrapper.framework; includeInIndex = 0; path = Pods_AudioGuide.framework; sourceTree = BUILT_PRODUCTS_DIR; };
		B3937A9DD037E38CD5FC60F2 /* Pods-AudioGuide.debug.xcconfig */ = {isa = PBXFileReference; includeInIndex = 1; lastKnownFileType = text.xcconfig; name = "Pods-AudioGuide.debug.xcconfig"; path = "Target Support Files/Pods-AudioGuide/Pods-AudioGuide.debug.xcconfig"; sourceTree = "<group>"; };
		B74A232E260F80F400ADCD8D /* RouteMapsSceneKit.swift */ = {isa = PBXFileReference; lastKnownFileType = sourcecode.swift; path = RouteMapsSceneKit.swift; sourceTree = "<group>"; };
		B74A233C260F83D200ADCD8D /* RouteModel.swift */ = {isa = PBXFileReference; lastKnownFileType = sourcecode.swift; path = RouteModel.swift; sourceTree = "<group>"; };
		B74A233F260F842E00ADCD8D /* RouteRealmController.swift */ = {isa = PBXFileReference; lastKnownFileType = sourcecode.swift; path = RouteRealmController.swift; sourceTree = "<group>"; };
		B74A2342260F84FF00ADCD8D /* TempRouteAppending.swift */ = {isa = PBXFileReference; lastKnownFileType = sourcecode.swift; path = TempRouteAppending.swift; sourceTree = "<group>"; };
		B7AE3B71260F70970008104B /* RouteMapsViewController.swift */ = {isa = PBXFileReference; lastKnownFileType = sourcecode.swift; path = RouteMapsViewController.swift; sourceTree = "<group>"; };
		B7D26147260F5D1D003584FE /* RouteDetailPresenter.swift */ = {isa = PBXFileReference; lastKnownFileType = sourcecode.swift; path = RouteDetailPresenter.swift; sourceTree = "<group>"; };
		B7D26148260F5D1D003584FE /* RouteDetailWorker.swift */ = {isa = PBXFileReference; lastKnownFileType = sourcecode.swift; path = RouteDetailWorker.swift; sourceTree = "<group>"; };
		B7D26149260F5D1D003584FE /* RouteDetailRouter.swift */ = {isa = PBXFileReference; lastKnownFileType = sourcecode.swift; path = RouteDetailRouter.swift; sourceTree = "<group>"; };
		B7D2614A260F5D1D003584FE /* RouteDetailModels.swift */ = {isa = PBXFileReference; lastKnownFileType = sourcecode.swift; path = RouteDetailModels.swift; sourceTree = "<group>"; };
		B7D2614B260F5D1D003584FE /* RouteDetailViewController.swift */ = {isa = PBXFileReference; lastKnownFileType = sourcecode.swift; path = RouteDetailViewController.swift; sourceTree = "<group>"; };
		B7D2614D260F5D1D003584FE /* RouteDetailInteractor.swift */ = {isa = PBXFileReference; lastKnownFileType = sourcecode.swift; path = RouteDetailInteractor.swift; sourceTree = "<group>"; };
		B7ECF6CC260F392E001E6F66 /* AudioGuide.app */ = {isa = PBXFileReference; explicitFileType = wrapper.application; includeInIndex = 0; path = AudioGuide.app; sourceTree = BUILT_PRODUCTS_DIR; };
		B7ECF6CF260F392E001E6F66 /* AppDelegate.swift */ = {isa = PBXFileReference; lastKnownFileType = sourcecode.swift; path = AppDelegate.swift; sourceTree = "<group>"; };
		B7ECF6D1260F392E001E6F66 /* SceneDelegate.swift */ = {isa = PBXFileReference; lastKnownFileType = sourcecode.swift; path = SceneDelegate.swift; sourceTree = "<group>"; };
		B7ECF6D3260F392E001E6F66 /* WelcomeController.swift */ = {isa = PBXFileReference; lastKnownFileType = sourcecode.swift; path = WelcomeController.swift; sourceTree = "<group>"; };
		B7ECF6D8260F3932001E6F66 /* Assets.xcassets */ = {isa = PBXFileReference; lastKnownFileType = folder.assetcatalog; path = Assets.xcassets; sourceTree = "<group>"; };
		B7ECF6DD260F3932001E6F66 /* Info.plist */ = {isa = PBXFileReference; lastKnownFileType = text.plist.xml; path = Info.plist; sourceTree = "<group>"; };
/* End PBXFileReference section */

/* Begin PBXFrameworksBuildPhase section */
		B7ECF6C9260F392E001E6F66 /* Frameworks */ = {
			isa = PBXFrameworksBuildPhase;
			buildActionMask = 2147483647;
			files = (
				CFD15E95933B7B9AE9243C2F /* Pods_AudioGuide.framework in Frameworks */,
			);
			runOnlyForDeploymentPostprocessing = 0;
		};
/* End PBXFrameworksBuildPhase section */

/* Begin PBXGroup section */
		63A2435870B5F5047512944A /* Frameworks */ = {
			isa = PBXGroup;
			children = (
				697FD2BBB09DBF448AAC89B1 /* Pods_AudioGuide.framework */,
			);
			name = Frameworks;
			sourceTree = "<group>";
		};
		B74A232D260F80D200ADCD8D /* RouteMapsSceneKit */ = {
			isa = PBXGroup;
			children = (
				B74A232E260F80F400ADCD8D /* RouteMapsSceneKit.swift */,
				B74A2342260F84FF00ADCD8D /* TempRouteAppending.swift */,
			);
			path = RouteMapsSceneKit;
			sourceTree = "<group>";
		};
		B74A2331260F81E500ADCD8D /* RouteMapsRotingMode */ = {
			isa = PBXGroup;
			children = (
			);
			path = RouteMapsRotingMode;
			sourceTree = "<group>";
		};
		B74A2332260F820000ADCD8D /* RouteMapsGeometricHelper */ = {
			isa = PBXGroup;
			children = (
			);
			path = RouteMapsGeometricHelper;
			sourceTree = "<group>";
		};
		B74A2333260F821E00ADCD8D /* RouteMapsNetworks */ = {
			isa = PBXGroup;
			children = (
				B74A233A260F834B00ADCD8D /* Response */,
				B74A2339260F831F00ADCD8D /* RealmModel */,
			);
			path = RouteMapsNetworks;
			sourceTree = "<group>";
		};
		B74A2334260F823800ADCD8D /* RouteMapsAudioKit */ = {
			isa = PBXGroup;
			children = (
			);
			path = RouteMapsAudioKit;
			sourceTree = "<group>";
		};
		B74A2336260F827A00ADCD8D /* RouteARScene */ = {
			isa = PBXGroup;
			children = (
			);
			path = RouteARScene;
			sourceTree = "<group>";
		};
		B74A2339260F831F00ADCD8D /* RealmModel */ = {
			isa = PBXGroup;
			children = (
			);
			path = RealmModel;
			sourceTree = "<group>";
		};
		B74A233A260F834B00ADCD8D /* Response */ = {
			isa = PBXGroup;
			children = (
				B74A233C260F83D200ADCD8D /* RouteModel.swift */,
				B74A233F260F842E00ADCD8D /* RouteRealmController.swift */,
			);
			path = Response;
			sourceTree = "<group>";
		};
		B7D26145260F5CC3003584FE /* RouteDetail */ = {
			isa = PBXGroup;
			children = (
				B7D26147260F5D1D003584FE /* RouteDetailPresenter.swift */,
				B7D26148260F5D1D003584FE /* RouteDetailWorker.swift */,
				B7D26149260F5D1D003584FE /* RouteDetailRouter.swift */,
				B7D2614A260F5D1D003584FE /* RouteDetailModels.swift */,
				B7D2614B260F5D1D003584FE /* RouteDetailViewController.swift */,
				B7D2614D260F5D1D003584FE /* RouteDetailInteractor.swift */,
			);
			path = RouteDetail;
			sourceTree = "<group>";
		};
		B7D26146260F5CD7003584FE /* RouteMaps */ = {
			isa = PBXGroup;
			children = (
				B74A2334260F823800ADCD8D /* RouteMapsAudioKit */,
				B74A2333260F821E00ADCD8D /* RouteMapsNetworks */,
				B74A2332260F820000ADCD8D /* RouteMapsGeometricHelper */,
				B74A2331260F81E500ADCD8D /* RouteMapsRotingMode */,
				B74A232D260F80D200ADCD8D /* RouteMapsSceneKit */,
				B7AE3B71260F70970008104B /* RouteMapsViewController.swift */,
			);
			path = RouteMaps;
			sourceTree = "<group>";
		};
		B7D2615C260F5D57003584FE /* RouteWelcome */ = {
			isa = PBXGroup;
			children = (
				B7ECF6CF260F392E001E6F66 /* AppDelegate.swift */,
				B7ECF6D1260F392E001E6F66 /* SceneDelegate.swift */,
				B7ECF6D3260F392E001E6F66 /* WelcomeController.swift */,
			);
			path = RouteWelcome;
			sourceTree = "<group>";
		};
		B7ECF6C3260F392E001E6F66 = {
			isa = PBXGroup;
			children = (
				B7ECF6CE260F392E001E6F66 /* AudioGuide */,
				B7ECF6CD260F392E001E6F66 /* Products */,
				F6EFAD0B4B4A66140328ABAB /* Pods */,
				63A2435870B5F5047512944A /* Frameworks */,
			);
			sourceTree = "<group>";
		};
		B7ECF6CD260F392E001E6F66 /* Products */ = {
			isa = PBXGroup;
			children = (
				B7ECF6CC260F392E001E6F66 /* AudioGuide.app */,
			);
			name = Products;
			sourceTree = "<group>";
		};
		B7ECF6CE260F392E001E6F66 /* AudioGuide */ = {
			isa = PBXGroup;
			children = (
				B7D2615C260F5D57003584FE /* RouteWelcome */,
				B7D26145260F5CC3003584FE /* RouteDetail */,
				B7D26146260F5CD7003584FE /* RouteMaps */,
				B74A2336260F827A00ADCD8D /* RouteARScene */,
				B7ECF6D8260F3932001E6F66 /* Assets.xcassets */,
				B7ECF6DD260F3932001E6F66 /* Info.plist */,
			);
			path = AudioGuide;
			sourceTree = "<group>";
		};
		F6EFAD0B4B4A66140328ABAB /* Pods */ = {
			isa = PBXGroup;
			children = (
				B3937A9DD037E38CD5FC60F2 /* Pods-AudioGuide.debug.xcconfig */,
				5932EADA608A3B73A615BEB8 /* Pods-AudioGuide.release.xcconfig */,
			);
			path = Pods;
			sourceTree = "<group>";
		};
/* End PBXGroup section */

/* Begin PBXNativeTarget section */
		B7ECF6CB260F392E001E6F66 /* AudioGuide */ = {
			isa = PBXNativeTarget;
			buildConfigurationList = B7ECF6E0260F3932001E6F66 /* Build configuration list for PBXNativeTarget "AudioGuide" */;
			buildPhases = (
				E9388B1E12CF8E8855F9AEB9 /* [CP] Check Pods Manifest.lock */,
				B7ECF6C8260F392E001E6F66 /* Sources */,
				B7ECF6C9260F392E001E6F66 /* Frameworks */,
				B7ECF6CA260F392E001E6F66 /* Resources */,
				FEB2D400772047ABA8F45E81 /* [CP] Embed Pods Frameworks */,
			);
			buildRules = (
			);
			dependencies = (
			);
			name = AudioGuide;
			productName = AudioGuide;
			productReference = B7ECF6CC260F392E001E6F66 /* AudioGuide.app */;
			productType = "com.apple.product-type.application";
		};
/* End PBXNativeTarget section */

/* Begin PBXProject section */
		B7ECF6C4260F392E001E6F66 /* Project object */ = {
			isa = PBXProject;
			attributes = {
				LastSwiftUpdateCheck = 1240;
				LastUpgradeCheck = 1240;
				TargetAttributes = {
					B7ECF6CB260F392E001E6F66 = {
						CreatedOnToolsVersion = 12.4;
					};
				};
			};
			buildConfigurationList = B7ECF6C7260F392E001E6F66 /* Build configuration list for PBXProject "AudioGuide" */;
			compatibilityVersion = "Xcode 9.3";
			developmentRegion = en;
			hasScannedForEncodings = 0;
			knownRegions = (
				en,
				Base,
			);
			mainGroup = B7ECF6C3260F392E001E6F66;
			productRefGroup = B7ECF6CD260F392E001E6F66 /* Products */;
			projectDirPath = "";
			projectRoot = "";
			targets = (
				B7ECF6CB260F392E001E6F66 /* AudioGuide */,
			);
		};
/* End PBXProject section */

/* Begin PBXResourcesBuildPhase section */
		B7ECF6CA260F392E001E6F66 /* Resources */ = {
			isa = PBXResourcesBuildPhase;
			buildActionMask = 2147483647;
			files = (
				B7ECF6D9260F3932001E6F66 /* Assets.xcassets in Resources */,
			);
			runOnlyForDeploymentPostprocessing = 0;
		};
/* End PBXResourcesBuildPhase section */

/* Begin PBXShellScriptBuildPhase section */
		E9388B1E12CF8E8855F9AEB9 /* [CP] Check Pods Manifest.lock */ = {
			isa = PBXShellScriptBuildPhase;
			buildActionMask = 2147483647;
			files = (
			);
			inputFileListPaths = (
			);
			inputPaths = (
				"${PODS_PODFILE_DIR_PATH}/Podfile.lock",
				"${PODS_ROOT}/Manifest.lock",
			);
			name = "[CP] Check Pods Manifest.lock";
			outputFileListPaths = (
			);
			outputPaths = (
				"$(DERIVED_FILE_DIR)/Pods-AudioGuide-checkManifestLockResult.txt",
			);
			runOnlyForDeploymentPostprocessing = 0;
			shellPath = /bin/sh;
			shellScript = "diff \"${PODS_PODFILE_DIR_PATH}/Podfile.lock\" \"${PODS_ROOT}/Manifest.lock\" > /dev/null\nif [ $? != 0 ] ; then\n    # print error to STDERR\n    echo \"error: The sandbox is not in sync with the Podfile.lock. Run 'pod install' or update your CocoaPods installation.\" >&2\n    exit 1\nfi\n# This output is used by Xcode 'outputs' to avoid re-running this script phase.\necho \"SUCCESS\" > \"${SCRIPT_OUTPUT_FILE_0}\"\n";
			showEnvVarsInLog = 0;
		};
		FEB2D400772047ABA8F45E81 /* [CP] Embed Pods Frameworks */ = {
			isa = PBXShellScriptBuildPhase;
			buildActionMask = 2147483647;
			files = (
			);
			inputFileListPaths = (
				"${PODS_ROOT}/Target Support Files/Pods-AudioGuide/Pods-AudioGuide-frameworks-${CONFIGURATION}-input-files.xcfilelist",
			);
			name = "[CP] Embed Pods Frameworks";
			outputFileListPaths = (
				"${PODS_ROOT}/Target Support Files/Pods-AudioGuide/Pods-AudioGuide-frameworks-${CONFIGURATION}-output-files.xcfilelist",
			);
			runOnlyForDeploymentPostprocessing = 0;
			shellPath = /bin/sh;
			shellScript = "\"${PODS_ROOT}/Target Support Files/Pods-AudioGuide/Pods-AudioGuide-frameworks.sh\"\n";
			showEnvVarsInLog = 0;
		};
/* End PBXShellScriptBuildPhase section */

/* Begin PBXSourcesBuildPhase section */
		B7ECF6C8260F392E001E6F66 /* Sources */ = {
			isa = PBXSourcesBuildPhase;
			buildActionMask = 2147483647;
			files = (
				B7ECF6D4260F392E001E6F66 /* WelcomeController.swift in Sources */,
				B7ECF6D0260F392E001E6F66 /* AppDelegate.swift in Sources */,
				B7ECF6D2260F392E001E6F66 /* SceneDelegate.swift in Sources */,
				B74A233D260F83D200ADCD8D /* RouteModel.swift in Sources */,
				B7AE3B72260F70970008104B /* RouteMapsViewController.swift in Sources */,
				B7D26154260F5D1D003584FE /* RouteDetailViewController.swift in Sources */,
				B7D26150260F5D1D003584FE /* RouteDetailPresenter.swift in Sources */,
				B7D26151260F5D1D003584FE /* RouteDetailWorker.swift in Sources */,
				B74A2343260F84FF00ADCD8D /* TempRouteAppending.swift in Sources */,
				B74A232F260F80F400ADCD8D /* RouteMapsSceneKit.swift in Sources */,
				B7D26153260F5D1D003584FE /* RouteDetailModels.swift in Sources */,
				B7D26156260F5D1D003584FE /* RouteDetailInteractor.swift in Sources */,
				B74A2340260F842E00ADCD8D /* RouteRealmController.swift in Sources */,
				B7D26152260F5D1D003584FE /* RouteDetailRouter.swift in Sources */,
			);
			runOnlyForDeploymentPostprocessing = 0;
		};
/* End PBXSourcesBuildPhase section */

/* Begin XCBuildConfiguration section */
		B7ECF6DE260F3932001E6F66 /* Debug */ = {
			isa = XCBuildConfiguration;
			buildSettings = {
				ALWAYS_SEARCH_USER_PATHS = NO;
				CLANG_ANALYZER_NONNULL = YES;
				CLANG_ANALYZER_NUMBER_OBJECT_CONVERSION = YES_AGGRESSIVE;
				CLANG_CXX_LANGUAGE_STANDARD = "gnu++14";
				CLANG_CXX_LIBRARY = "libc++";
				CLANG_ENABLE_MODULES = YES;
				CLANG_ENABLE_OBJC_ARC = YES;
				CLANG_ENABLE_OBJC_WEAK = YES;
				CLANG_WARN_BLOCK_CAPTURE_AUTORELEASING = YES;
				CLANG_WARN_BOOL_CONVERSION = YES;
				CLANG_WARN_COMMA = YES;
				CLANG_WARN_CONSTANT_CONVERSION = YES;
				CLANG_WARN_DEPRECATED_OBJC_IMPLEMENTATIONS = YES;
				CLANG_WARN_DIRECT_OBJC_ISA_USAGE = YES_ERROR;
				CLANG_WARN_DOCUMENTATION_COMMENTS = YES;
				CLANG_WARN_EMPTY_BODY = YES;
				CLANG_WARN_ENUM_CONVERSION = YES;
				CLANG_WARN_INFINITE_RECURSION = YES;
				CLANG_WARN_INT_CONVERSION = YES;
				CLANG_WARN_NON_LITERAL_NULL_CONVERSION = YES;
				CLANG_WARN_OBJC_IMPLICIT_RETAIN_SELF = YES;
				CLANG_WARN_OBJC_LITERAL_CONVERSION = YES;
				CLANG_WARN_OBJC_ROOT_CLASS = YES_ERROR;
				CLANG_WARN_QUOTED_INCLUDE_IN_FRAMEWORK_HEADER = YES;
				CLANG_WARN_RANGE_LOOP_ANALYSIS = YES;
				CLANG_WARN_STRICT_PROTOTYPES = YES;
				CLANG_WARN_SUSPICIOUS_MOVE = YES;
				CLANG_WARN_UNGUARDED_AVAILABILITY = YES_AGGRESSIVE;
				CLANG_WARN_UNREACHABLE_CODE = YES;
				CLANG_WARN__DUPLICATE_METHOD_MATCH = YES;
				COPY_PHASE_STRIP = NO;
				DEBUG_INFORMATION_FORMAT = dwarf;
				ENABLE_STRICT_OBJC_MSGSEND = YES;
				ENABLE_TESTABILITY = YES;
				GCC_C_LANGUAGE_STANDARD = gnu11;
				GCC_DYNAMIC_NO_PIC = NO;
				GCC_NO_COMMON_BLOCKS = YES;
				GCC_OPTIMIZATION_LEVEL = 0;
				GCC_PREPROCESSOR_DEFINITIONS = (
					"DEBUG=1",
					"$(inherited)",
				);
				GCC_WARN_64_TO_32_BIT_CONVERSION = YES;
				GCC_WARN_ABOUT_RETURN_TYPE = YES_ERROR;
				GCC_WARN_UNDECLARED_SELECTOR = YES;
				GCC_WARN_UNINITIALIZED_AUTOS = YES_AGGRESSIVE;
				GCC_WARN_UNUSED_FUNCTION = YES;
				GCC_WARN_UNUSED_VARIABLE = YES;
				IPHONEOS_DEPLOYMENT_TARGET = 13;
				MTL_ENABLE_DEBUG_INFO = INCLUDE_SOURCE;
				MTL_FAST_MATH = YES;
				ONLY_ACTIVE_ARCH = YES;
				SDKROOT = iphoneos;
				SWIFT_ACTIVE_COMPILATION_CONDITIONS = DEBUG;
				SWIFT_OPTIMIZATION_LEVEL = "-Onone";
			};
			name = Debug;
		};
		B7ECF6DF260F3932001E6F66 /* Release */ = {
			isa = XCBuildConfiguration;
			buildSettings = {
				ALWAYS_SEARCH_USER_PATHS = NO;
				CLANG_ANALYZER_NONNULL = YES;
				CLANG_ANALYZER_NUMBER_OBJECT_CONVERSION = YES_AGGRESSIVE;
				CLANG_CXX_LANGUAGE_STANDARD = "gnu++14";
				CLANG_CXX_LIBRARY = "libc++";
				CLANG_ENABLE_MODULES = YES;
				CLANG_ENABLE_OBJC_ARC = YES;
				CLANG_ENABLE_OBJC_WEAK = YES;
				CLANG_WARN_BLOCK_CAPTURE_AUTORELEASING = YES;
				CLANG_WARN_BOOL_CONVERSION = YES;
				CLANG_WARN_COMMA = YES;
				CLANG_WARN_CONSTANT_CONVERSION = YES;
				CLANG_WARN_DEPRECATED_OBJC_IMPLEMENTATIONS = YES;
				CLANG_WARN_DIRECT_OBJC_ISA_USAGE = YES_ERROR;
				CLANG_WARN_DOCUMENTATION_COMMENTS = YES;
				CLANG_WARN_EMPTY_BODY = YES;
				CLANG_WARN_ENUM_CONVERSION = YES;
				CLANG_WARN_INFINITE_RECURSION = YES;
				CLANG_WARN_INT_CONVERSION = YES;
				CLANG_WARN_NON_LITERAL_NULL_CONVERSION = YES;
				CLANG_WARN_OBJC_IMPLICIT_RETAIN_SELF = YES;
				CLANG_WARN_OBJC_LITERAL_CONVERSION = YES;
				CLANG_WARN_OBJC_ROOT_CLASS = YES_ERROR;
				CLANG_WARN_QUOTED_INCLUDE_IN_FRAMEWORK_HEADER = YES;
				CLANG_WARN_RANGE_LOOP_ANALYSIS = YES;
				CLANG_WARN_STRICT_PROTOTYPES = YES;
				CLANG_WARN_SUSPICIOUS_MOVE = YES;
				CLANG_WARN_UNGUARDED_AVAILABILITY = YES_AGGRESSIVE;
				CLANG_WARN_UNREACHABLE_CODE = YES;
				CLANG_WARN__DUPLICATE_METHOD_MATCH = YES;
				COPY_PHASE_STRIP = NO;
				DEBUG_INFORMATION_FORMAT = "dwarf-with-dsym";
				ENABLE_NS_ASSERTIONS = NO;
				ENABLE_STRICT_OBJC_MSGSEND = YES;
				GCC_C_LANGUAGE_STANDARD = gnu11;
				GCC_NO_COMMON_BLOCKS = YES;
				GCC_WARN_64_TO_32_BIT_CONVERSION = YES;
				GCC_WARN_ABOUT_RETURN_TYPE = YES_ERROR;
				GCC_WARN_UNDECLARED_SELECTOR = YES;
				GCC_WARN_UNINITIALIZED_AUTOS = YES_AGGRESSIVE;
				GCC_WARN_UNUSED_FUNCTION = YES;
				GCC_WARN_UNUSED_VARIABLE = YES;
				IPHONEOS_DEPLOYMENT_TARGET = 13;
				MTL_ENABLE_DEBUG_INFO = NO;
				MTL_FAST_MATH = YES;
				SDKROOT = iphoneos;
				SWIFT_COMPILATION_MODE = wholemodule;
				SWIFT_OPTIMIZATION_LEVEL = "-O";
				VALIDATE_PRODUCT = YES;
			};
			name = Release;
		};
		B7ECF6E1260F3932001E6F66 /* Debug */ = {
			isa = XCBuildConfiguration;
			baseConfigurationReference = B3937A9DD037E38CD5FC60F2 /* Pods-AudioGuide.debug.xcconfig */;
			buildSettings = {
				ASSETCATALOG_COMPILER_APPICON_NAME = AppIcon;
				ASSETCATALOG_COMPILER_GLOBAL_ACCENT_COLOR_NAME = AccentColor;
				CODE_SIGN_STYLE = Automatic;
				DEVELOPMENT_TEAM = 9RCKEM6H93;
				INFOPLIST_FILE = AudioGuide/Info.plist;
				LD_RUNPATH_SEARCH_PATHS = (
					"$(inherited)",
					"@executable_path/Frameworks",
				);
				PRODUCT_BUNDLE_IDENTIFIER = "brazil-hack.AudioGuide";
				PRODUCT_NAME = "$(TARGET_NAME)";
				SWIFT_VERSION = 5.0;
				TARGETED_DEVICE_FAMILY = "1,2";
			};
			name = Debug;
		};
		B7ECF6E2260F3932001E6F66 /* Release */ = {
			isa = XCBuildConfiguration;
			baseConfigurationReference = 5932EADA608A3B73A615BEB8 /* Pods-AudioGuide.release.xcconfig */;
			buildSettings = {
				ASSETCATALOG_COMPILER_APPICON_NAME = AppIcon;
				ASSETCATALOG_COMPILER_GLOBAL_ACCENT_COLOR_NAME = AccentColor;
				CODE_SIGN_STYLE = Automatic;
				DEVELOPMENT_TEAM = 9RCKEM6H93;
				INFOPLIST_FILE = AudioGuide/Info.plist;
				LD_RUNPATH_SEARCH_PATHS = (
					"$(inherited)",
					"@executable_path/Frameworks",
				);
				PRODUCT_BUNDLE_IDENTIFIER = "brazil-hack.AudioGuide";
				PRODUCT_NAME = "$(TARGET_NAME)";
				SWIFT_VERSION = 5.0;
				TARGETED_DEVICE_FAMILY = "1,2";
			};
			name = Release;
		};
/* End XCBuildConfiguration section */

/* Begin XCConfigurationList section */
		B7ECF6C7260F392E001E6F66 /* Build configuration list for PBXProject "AudioGuide" */ = {
			isa = XCConfigurationList;
			buildConfigurations = (
				B7ECF6DE260F3932001E6F66 /* Debug */,
				B7ECF6DF260F3932001E6F66 /* Release */,
			);
			defaultConfigurationIsVisible = 0;
			defaultConfigurationName = Release;
		};
		B7ECF6E0260F3932001E6F66 /* Build configuration list for PBXNativeTarget "AudioGuide" */ = {
			isa = XCConfigurationList;
			buildConfigurations = (
				B7ECF6E1260F3932001E6F66 /* Debug */,
				B7ECF6E2260F3932001E6F66 /* Release */,
			);
			defaultConfigurationIsVisible = 0;
			defaultConfigurationName = Release;
		};
/* End XCConfigurationList section */
	};
	rootObject = B7ECF6C4260F392E001E6F66 /* Project object */;
}
